
Microsoft Visual Studio Solution File, Format Version 12.00
# Visual Studio Version 17
VisualStudioVersion = 17.4.33213.308
MinimumVisualStudioVersion = 10.0.40219.1
Project("{FAE04EC0-301F-11D3-BF4B-00C04F79EFBC}") = "CryptoAppXamarin.Android", "CryptoAppXamarin\CryptoAppXamarin.Android\CryptoAppXamarin.Android.csproj", "{BA89DD1B-DE41-49B2-AF9D-C5C15D5DE83D}"
EndProject
Project("{FAE04EC0-301F-11D3-BF4B-00C04F79EFBC}") = "CryptoAppXamarin.iOS", "CryptoAppXamarin\CryptoAppXamarin.iOS\CryptoAppXamarin.iOS.csproj", "{6622434D-1154-46DE-A51B-8E9F9CD6D8A2}"
EndProject
Project("{9A19103F-16F7-4668-BE54-9A1E7A4F7556}") = "CryptoAppXamarin", "CryptoAppXamarin\CryptoAppXamarin\CryptoAppXamarin.csproj", "{C7F2E8F9-8AD4-4103-BDEB-BC92537CF25F}"
EndProject
Global
	GlobalSection(SolutionConfigurationPlatforms) = preSolution
		Debug|Any CPU = Debug|Any CPU
		Debug|iPhone = Debug|iPhone
		Debug|iPhoneSimulator = Debug|iPhoneSimulator
		Release|Any CPU = Release|Any CPU
		Release|iPhone = Release|iPhone
		Release|iPhoneSimulator = Release|iPhoneSimulator
	EndGlobalSection
	GlobalSection(ProjectConfigurationPlatforms) = postSolution
		{BA89DD1B-DE41-49B2-AF9D-C5C15D5DE83D}.Debug|Any CPU.ActiveCfg = Debug|Any CPU
		{BA89DD1B-DE41-49B2-AF9D-C5C15D5DE83D}.Debug|Any CPU.Build.0 = Debug|Any CPU
		{BA89DD1B-DE41-49B2-AF9D-C5C15D5DE83D}.Debug|Any CPU.Deploy.0 = Debug|Any CPU
		{BA89DD1B-DE41-49B2-AF9D-C5C15D5DE83D}.Debug|iPhone.ActiveCfg = Debug|Any CPU
		{BA89DD1B-DE41-49B2-AF9D-C5C15D5DE83D}.Debug|iPhone.Build.0 = Debug|Any CPU
		{BA89DD1B-DE41-49B2-AF9D-C5C15D5DE83D}.Debug|iPhone.Deploy.0 = Debug|Any CPU
		{BA89DD1B-DE41-49B2-AF9D-C5C15D5DE83D}.Debug|iPhoneSimulator.ActiveCfg = Debug|Any CPU
		{BA89DD1B-DE41-49B2-AF9D-C5C15D5DE83D}.Debug|iPhoneSimulator.Build.0 = Debug|Any CPU
		{BA89DD1B-DE41-49B2-AF9D-C5C15D5DE83D}.Debug|iPhoneSimulator.Deploy.0 = Debug|Any CPU
		{BA89DD1B-DE41-49B2-AF9D-C5C15D5DE83D}.Release|Any CPU.ActiveCfg = Release|Any CPU
		{BA89DD1B-DE41-49B2-AF9D-C5C15D5DE83D}.Release|Any CPU.Build.0 = Release|Any CPU
		{BA89DD1B-DE41-49B2-AF9D-C5C15D5DE83D}.Release|Any CPU.Deploy.0 = Release|Any CPU
		{BA89DD1B-DE41-49B2-AF9D-C5C15D5DE83D}.Release|iPhone.ActiveCfg = Release|Any CPU
		{BA89DD1B-DE41-49B2-AF9D-C5C15D5DE83D}.Release|iPhone.Build.0 = Release|Any CPU
		{BA89DD1B-DE41-49B2-AF9D-C5C15D5DE83D}.Release|iPhone.Deploy.0 = Release|Any CPU
		{BA89DD1B-DE41-49B2-AF9D-C5C15D5DE83D}.Release|iPhoneSimulator.ActiveCfg = Release|Any CPU
		{BA89DD1B-DE41-49B2-AF9D-C5C15D5DE83D}.Release|iPhoneSimulator.Build.0 = Release|Any CPU
		{BA89DD1B-DE41-49B2-AF9D-C5C15D5DE83D}.Release|iPhoneSimulator.Deploy.0 = Release|Any CPU
		{6622434D-1154-46DE-A51B-8E9F9CD6D8A2}.Debug|Any CPU.ActiveCfg = Debug|iPhone
		{6622434D-1154-46DE-A51B-8E9F9CD6D8A2}.Debug|Any CPU.Build.0 = Debug|iPhone
		{6622434D-1154-46DE-A51B-8E9F9CD6D8A2}.Debug|Any CPU.Deploy.0 = Debug|iPhone
		{6622434D-1154-46DE-A51B-8E9F9CD6D8A2}.Debug|iPhone.ActiveCfg = Debug|iPhone
		{6622434D-1154-46DE-A51B-8E9F9CD6D8A2}.Debug|iPhone.Build.0 = Debug|iPhone
		{6622434D-1154-46DE-A51B-8E9F9CD6D8A2}.Debug|iPhone.Deploy.0 = Debug|iPhone
		{6622434D-1154-46DE-A51B-8E9F9CD6D8A2}.Debug|iPhoneSimulator.ActiveCfg = Debug|iPhoneSimulator
		{6622434D-1154-46DE-A51B-8E9F9CD6D8A2}.Debug|iPhoneSimulator.Build.0 = Debug|iPhoneSimulator
		{6622434D-1154-46DE-A51B-8E9F9CD6D8A2}.Debug|iPhoneSimulator.Deploy.0 = Debug|iPhoneSimulator
		{6622434D-1154-46DE-A51B-8E9F9CD6D8A2}.Release|Any CPU.ActiveCfg = Release|iPhoneSimulator
		{6622434D-1154-46DE-A51B-8E9F9CD6D8A2}.Release|Any CPU.Build.0 = Release|iPhoneSimulator
		{6622434D-1154-46DE-A51B-8E9F9CD6D8A2}.Release|Any CPU.Deploy.0 = Release|iPhoneSimulator
		{6622434D-1154-46DE-A51B-8E9F9CD6D8A2}.Release|iPhone.ActiveCfg = Release|iPhone
		{6622434D-1154-46DE-A51B-8E9F9CD6D8A2}.Release|iPhone.Build.0 = Release|iPhone
		{6622434D-1154-46DE-A51B-8E9F9CD6D8A2}.Release|iPhone.Deploy.0 = Release|iPhone
		{6622434D-1154-46DE-A51B-8E9F9CD6D8A2}.Release|iPhoneSimulator.ActiveCfg = Release|iPhoneSimulator
		{6622434D-1154-46DE-A51B-8E9F9CD6D8A2}.Release|iPhoneSimulator.Build.0 = Release|iPhoneSimulator
		{6622434D-1154-46DE-A51B-8E9F9CD6D8A2}.Release|iPhoneSimulator.Deploy.0 = Release|iPhoneSimulator
		{C7F2E8F9-8AD4-4103-BDEB-BC92537CF25F}.Debug|Any CPU.ActiveCfg = Debug|Any CPU
		{C7F2E8F9-8AD4-4103-BDEB-BC92537CF25F}.Debug|Any CPU.Build.0 = Debug|Any CPU
		{C7F2E8F9-8AD4-4103-BDEB-BC92537CF25F}.Debug|Any CPU.Deploy.0 = Debug|Any CPU
		{C7F2E8F9-8AD4-4103-BDEB-BC92537CF25F}.Debug|iPhone.ActiveCfg = Debug|Any CPU
		{C7F2E8F9-8AD4-4103-BDEB-BC92537CF25F}.Debug|iPhone.Build.0 = Debug|Any CPU
		{C7F2E8F9-8AD4-4103-BDEB-BC92537CF25F}.Debug|iPhone.Deploy.0 = Debug|Any CPU
		{C7F2E8F9-8AD4-4103-BDEB-BC92537CF25F}.Debug|iPhoneSimulator.ActiveCfg = Debug|Any CPU
		{C7F2E8F9-8AD4-4103-BDEB-BC92537CF25F}.Debug|iPhoneSimulator.Build.0 = Debug|Any CPU
		{C7F2E8F9-8AD4-4103-BDEB-BC92537CF25F}.Debug|iPhoneSimulator.Deploy.0 = Debug|Any CPU
		{C7F2E8F9-8AD4-4103-BDEB-BC92537CF25F}.Release|Any CPU.ActiveCfg = Release|Any CPU
		{C7F2E8F9-8AD4-4103-BDEB-BC92537CF25F}.Release|Any CPU.Build.0 = Release|Any CPU
		{C7F2E8F9-8AD4-4103-BDEB-BC92537CF25F}.Release|Any CPU.Deploy.0 = Release|Any CPU
		{C7F2E8F9-8AD4-4103-BDEB-BC92537CF25F}.Release|iPhone.ActiveCfg = Release|Any CPU
		{C7F2E8F9-8AD4-4103-BDEB-BC92537CF25F}.Release|iPhone.Build.0 = Release|Any CPU
		{C7F2E8F9-8AD4-4103-BDEB-BC92537CF25F}.Release|iPhone.Deploy.0 = Release|Any CPU
		{C7F2E8F9-8AD4-4103-BDEB-BC92537CF25F}.Release|iPhoneSimulator.ActiveCfg = Release|Any CPU
		{C7F2E8F9-8AD4-4103-BDEB-BC92537CF25F}.Release|iPhoneSimulator.Build.0 = Release|Any CPU
		{C7F2E8F9-8AD4-4103-BDEB-BC92537CF25F}.Release|iPhoneSimulator.Deploy.0 = Release|Any CPU
	EndGlobalSection
	GlobalSection(SolutionProperties) = preSolution
		HideSolutionNode = FALSE
	EndGlobalSection
	GlobalSection(ExtensibilityGlobals) = postSolution
		SolutionGuid = {5201EEB3-BFF3-4BC8-B050-F30166BA37EC}
	EndGlobalSection
EndGlobal
